// !$*UTF8*$!
{
	archiveVersion = 1;
	classes = {
	};
	objectVersion = 46;
	objects = {

/* Begin PBXBuildFile section */
		344E1E4C1A7932E40081E5E7 /* CSBrowserCapture.m in Sources */ = {isa = PBXBuildFile; fileRef = 344E1E4B1A7932E40081E5E7 /* CSBrowserCapture.m */; };
		344E1E4F1A79337F0081E5E7 /* CSBrowserTaskManager.m in Sources */ = {isa = PBXBuildFile; fileRef = 344E1E4E1A79337F0081E5E7 /* CSBrowserTaskManager.m */; };
		344E1E641A7946400081E5E7 /* CSBrowserCaptureViewController.m in Sources */ = {isa = PBXBuildFile; fileRef = 344E1E621A7946400081E5E7 /* CSBrowserCaptureViewController.m */; };
		344E1E651A7946400081E5E7 /* CSBrowserCaptureViewController.xib in Resources */ = {isa = PBXBuildFile; fileRef = 344E1E631A7946400081E5E7 /* CSBrowserCaptureViewController.xib */; };
		344E1E671A7947040081E5E7 /* CefWithIOSurface.app in CopyFiles */ = {isa = PBXBuildFile; fileRef = 344E1D4E1A792E170081E5E7 /* CefWithIOSurface.app */; settings = {ATTRIBUTES = (RemoveHeadersOnCopy, ); }; };
/* End PBXBuildFile section */

/* Begin PBXContainerItemProxy section */
		344E1D4D1A792E170081E5E7 /* PBXContainerItemProxy */ = {
			isa = PBXContainerItemProxy;
			containerPortal = 344E1D481A792E160081E5E7 /* CefWithIOSurface.xcodeproj */;
			proxyType = 2;
			remoteGlobalIDString = 344E1D251A792E160081E5E7;
			remoteInfo = CefWithIOSurface;
		};
		344E1E3D1A7931090081E5E7 /* PBXContainerItemProxy */ = {
			isa = PBXContainerItemProxy;
			containerPortal = 344E1D481A792E160081E5E7 /* CefWithIOSurface.xcodeproj */;
			proxyType = 1;
			remoteGlobalIDString = 344E1D241A792E160081E5E7;
			remoteInfo = CefWithIOSurface;
		};
		344E1E401A7931090081E5E7 /* PBXContainerItemProxy */ = {
			isa = PBXContainerItemProxy;
			containerPortal = 344E1D481A792E160081E5E7 /* CefWithIOSurface.xcodeproj */;
			proxyType = 2;
			remoteGlobalIDString = 344E1E101A792F3F0081E5E7;
			remoteInfo = "CefWithIOSurface Helper";
		};
/* End PBXContainerItemProxy section */

/* Begin PBXCopyFilesBuildPhase section */
		344E1E661A7946F20081E5E7 /* CopyFiles */ = {
			isa = PBXCopyFilesBuildPhase;
			buildActionMask = 2147483647;
			dstPath = "";
			dstSubfolderSpec = 12;
			files = (
				344E1E671A7947040081E5E7 /* CefWithIOSurface.app in CopyFiles */,
			);
			runOnlyForDeploymentPostprocessing = 0;
		};
/* End PBXCopyFilesBuildPhase section */

/* Begin PBXFileReference section */
		344E1D121A792DED0081E5E7 /* CSBrowserCapturePlugin.bundle */ = {isa = PBXFileReference; explicitFileType = wrapper.cfbundle; includeInIndex = 0; path = CSBrowserCapturePlugin.bundle; sourceTree = BUILT_PRODUCTS_DIR; };
		344E1D161A792DED0081E5E7 /* Info.plist */ = {isa = PBXFileReference; lastKnownFileType = text.plist.xml; path = Info.plist; sourceTree = "<group>"; };
		344E1D481A792E160081E5E7 /* CefWithIOSurface.xcodeproj */ = {isa = PBXFileReference; lastKnownFileType = "wrapper.pb-project"; name = CefWithIOSurface.xcodeproj; path = CefWithIOSurface/CefWithIOSurface.xcodeproj; sourceTree = "<group>"; };
		344E1E4A1A7932E40081E5E7 /* CSBrowserCapture.h */ = {isa = PBXFileReference; fileEncoding = 4; lastKnownFileType = sourcecode.c.h; path = CSBrowserCapture.h; sourceTree = "<group>"; };
		344E1E4B1A7932E40081E5E7 /* CSBrowserCapture.m */ = {isa = PBXFileReference; fileEncoding = 4; lastKnownFileType = sourcecode.c.objc; path = CSBrowserCapture.m; sourceTree = "<group>"; };
		344E1E4D1A79337F0081E5E7 /* CSBrowserTaskManager.h */ = {isa = PBXFileReference; fileEncoding = 4; lastKnownFileType = sourcecode.c.h; path = CSBrowserTaskManager.h; sourceTree = "<group>"; };
		344E1E4E1A79337F0081E5E7 /* CSBrowserTaskManager.m */ = {isa = PBXFileReference; fileEncoding = 4; lastKnownFileType = sourcecode.c.objc; path = CSBrowserTaskManager.m; sourceTree = "<group>"; };
		344E1E501A7933AD0081E5E7 /* CSRemoteBrowserProtocol.h */ = {isa = PBXFileReference; fileEncoding = 4; lastKnownFileType = sourcecode.c.h; path = CSRemoteBrowserProtocol.h; sourceTree = "<group>"; };
		344E1E541A79440F0081E5E7 /* CAMultiAudioPCM.h */ = {isa = PBXFileReference; fileEncoding = 4; lastKnownFileType = sourcecode.c.h; path = CAMultiAudioPCM.h; sourceTree = "<group>"; };
		344E1E551A79440F0081E5E7 /* CSAbstractCaptureDevice.h */ = {isa = PBXFileReference; fileEncoding = 4; lastKnownFileType = sourcecode.c.h; path = CSAbstractCaptureDevice.h; sourceTree = "<group>"; };
		344E1E561A79440F0081E5E7 /* CSCaptureBase.h */ = {isa = PBXFileReference; fileEncoding = 4; lastKnownFileType = sourcecode.c.h; path = CSCaptureBase.h; sourceTree = "<group>"; };
		344E1E571A79440F0081E5E7 /* CSCaptureSourceProtocol.h */ = {isa = PBXFileReference; fileEncoding = 4; lastKnownFileType = sourcecode.c.h; path = CSCaptureSourceProtocol.h; sourceTree = "<group>"; };
		344E1E581A79440F0081E5E7 /* CSExtraPluginProtocol.h */ = {isa = PBXFileReference; fileEncoding = 4; lastKnownFileType = sourcecode.c.h; path = CSExtraPluginProtocol.h; sourceTree = "<group>"; };
		344E1E591A79440F0081E5E7 /* CSIOSurfaceLayer.h */ = {isa = PBXFileReference; fileEncoding = 4; lastKnownFileType = sourcecode.c.h; path = CSIOSurfaceLayer.h; sourceTree = "<group>"; };
		344E1E5A1A79440F0081E5E7 /* CSNotifications.h */ = {isa = PBXFileReference; fileEncoding = 4; lastKnownFileType = sourcecode.c.h; path = CSNotifications.h; sourceTree = "<group>"; };
		344E1E5B1A79440F0081E5E7 /* CSPcmPlayer.h */ = {isa = PBXFileReference; fileEncoding = 4; lastKnownFileType = sourcecode.c.h; path = CSPcmPlayer.h; sourceTree = "<group>"; };
		344E1E5C1A79440F0081E5E7 /* CSPluginFactoryProtocol.h */ = {isa = PBXFileReference; fileEncoding = 4; lastKnownFileType = sourcecode.c.h; path = CSPluginFactoryProtocol.h; sourceTree = "<group>"; };
		344E1E5D1A79440F0081E5E7 /* CSPluginServices.h */ = {isa = PBXFileReference; fileEncoding = 4; lastKnownFileType = sourcecode.c.h; path = CSPluginServices.h; sourceTree = "<group>"; };
		344E1E5E1A79440F0081E5E7 /* CSStreamServiceProtocol.h */ = {isa = PBXFileReference; fileEncoding = 4; lastKnownFileType = sourcecode.c.h; path = CSStreamServiceProtocol.h; sourceTree = "<group>"; };
		344E1E5F1A79440F0081E5E7 /* CSTextCaptureBase.h */ = {isa = PBXFileReference; fileEncoding = 4; lastKnownFileType = sourcecode.c.h; path = CSTextCaptureBase.h; sourceTree = "<group>"; };
		344E1E601A79440F0081E5E7 /* CSTextCaptureViewControllerBase.h */ = {isa = PBXFileReference; fileEncoding = 4; lastKnownFileType = sourcecode.c.h; path = CSTextCaptureViewControllerBase.h; sourceTree = "<group>"; };
		344E1E611A7946400081E5E7 /* CSBrowserCaptureViewController.h */ = {isa = PBXFileReference; fileEncoding = 4; lastKnownFileType = sourcecode.c.h; path = CSBrowserCaptureViewController.h; sourceTree = "<group>"; };
		344E1E621A7946400081E5E7 /* CSBrowserCaptureViewController.m */ = {isa = PBXFileReference; fileEncoding = 4; lastKnownFileType = sourcecode.c.objc; path = CSBrowserCaptureViewController.m; sourceTree = "<group>"; };
		344E1E631A7946400081E5E7 /* CSBrowserCaptureViewController.xib */ = {isa = PBXFileReference; fileEncoding = 4; lastKnownFileType = file.xib; path = CSBrowserCaptureViewController.xib; sourceTree = "<group>"; };
/* End PBXFileReference section */

/* Begin PBXFrameworksBuildPhase section */
		344E1D0F1A792DED0081E5E7 /* Frameworks */ = {
			isa = PBXFrameworksBuildPhase;
			buildActionMask = 2147483647;
			files = (
			);
			runOnlyForDeploymentPostprocessing = 0;
		};
/* End PBXFrameworksBuildPhase section */

/* Begin PBXGroup section */
		344E1D091A792DED0081E5E7 = {
			isa = PBXGroup;
			children = (
				344E1D481A792E160081E5E7 /* CefWithIOSurface.xcodeproj */,
				344E1D141A792DED0081E5E7 /* CSBrowserCapturePlugin */,
				344E1D131A792DED0081E5E7 /* Products */,
			);
			sourceTree = "<group>";
		};
		344E1D131A792DED0081E5E7 /* Products */ = {
			isa = PBXGroup;
			children = (
				344E1D121A792DED0081E5E7 /* CSBrowserCapturePlugin.bundle */,
			);
			name = Products;
			sourceTree = "<group>";
		};
		344E1D141A792DED0081E5E7 /* CSBrowserCapturePlugin */ = {
			isa = PBXGroup;
			children = (
				344E1E531A79440F0081E5E7 /* PluginHeaders */,
				344E1D151A792DED0081E5E7 /* Supporting Files */,
				344E1E4A1A7932E40081E5E7 /* CSBrowserCapture.h */,
				344E1E4B1A7932E40081E5E7 /* CSBrowserCapture.m */,
				344E1E4D1A79337F0081E5E7 /* CSBrowserTaskManager.h */,
				344E1E4E1A79337F0081E5E7 /* CSBrowserTaskManager.m */,
				344E1E501A7933AD0081E5E7 /* CSRemoteBrowserProtocol.h */,
				344E1E611A7946400081E5E7 /* CSBrowserCaptureViewController.h */,
				344E1E621A7946400081E5E7 /* CSBrowserCaptureViewController.m */,
				344E1E631A7946400081E5E7 /* CSBrowserCaptureViewController.xib */,
			);
			path = CSBrowserCapturePlugin;
			sourceTree = "<group>";
		};
		344E1D151A792DED0081E5E7 /* Supporting Files */ = {
			isa = PBXGroup;
			children = (
				344E1D161A792DED0081E5E7 /* Info.plist */,
			);
			name = "Supporting Files";
			sourceTree = "<group>";
		};
		344E1D491A792E160081E5E7 /* Products */ = {
			isa = PBXGroup;
			children = (
				344E1D4E1A792E170081E5E7 /* CefWithIOSurface.app */,
				344E1E411A7931090081E5E7 /* CefWithIOSurface Helper.app */,
			);
			name = Products;
			sourceTree = "<group>";
		};
		344E1E531A79440F0081E5E7 /* PluginHeaders */ = {
			isa = PBXGroup;
			children = (
				344E1E541A79440F0081E5E7 /* CAMultiAudioPCM.h */,
				344E1E551A79440F0081E5E7 /* CSAbstractCaptureDevice.h */,
				344E1E561A79440F0081E5E7 /* CSCaptureBase.h */,
				344E1E571A79440F0081E5E7 /* CSCaptureSourceProtocol.h */,
				344E1E581A79440F0081E5E7 /* CSExtraPluginProtocol.h */,
				344E1E591A79440F0081E5E7 /* CSIOSurfaceLayer.h */,
				344E1E5A1A79440F0081E5E7 /* CSNotifications.h */,
				344E1E5B1A79440F0081E5E7 /* CSPcmPlayer.h */,
				344E1E5C1A79440F0081E5E7 /* CSPluginFactoryProtocol.h */,
				344E1E5D1A79440F0081E5E7 /* CSPluginServices.h */,
				344E1E5E1A79440F0081E5E7 /* CSStreamServiceProtocol.h */,
				344E1E5F1A79440F0081E5E7 /* CSTextCaptureBase.h */,
				344E1E601A79440F0081E5E7 /* CSTextCaptureViewControllerBase.h */,
			);
			path = PluginHeaders;
			sourceTree = "<group>";
		};
/* End PBXGroup section */

/* Begin PBXNativeTarget section */
		344E1D111A792DED0081E5E7 /* CSBrowserCapturePlugin */ = {
			isa = PBXNativeTarget;
			buildConfigurationList = 344E1D191A792DED0081E5E7 /* Build configuration list for PBXNativeTarget "CSBrowserCapturePlugin" */;
			buildPhases = (
				344E1D0E1A792DED0081E5E7 /* Sources */,
				344E1D0F1A792DED0081E5E7 /* Frameworks */,
				344E1D101A792DED0081E5E7 /* Resources */,
				344E1E661A7946F20081E5E7 /* CopyFiles */,
			);
			buildRules = (
			);
			dependencies = (
				344E1E3E1A7931090081E5E7 /* PBXTargetDependency */,
			);
			name = CSBrowserCapturePlugin;
			productName = CSBrowserCapturePlugin;
			productReference = 344E1D121A792DED0081E5E7 /* CSBrowserCapturePlugin.bundle */;
			productType = "com.apple.product-type.bundle";
		};
/* End PBXNativeTarget section */

/* Begin PBXProject section */
		344E1D0A1A792DED0081E5E7 /* Project object */ = {
			isa = PBXProject;
			attributes = {
				LastUpgradeCheck = 0610;
				ORGANIZATIONNAME = Zakk;
				TargetAttributes = {
					344E1D111A792DED0081E5E7 = {
						CreatedOnToolsVersion = 6.1;
					};
				};
			};
			buildConfigurationList = 344E1D0D1A792DED0081E5E7 /* Build configuration list for PBXProject "CSBrowserCapturePlugin" */;
			compatibilityVersion = "Xcode 3.2";
			developmentRegion = English;
			hasScannedForEncodings = 0;
			knownRegions = (
				en,
			);
			mainGroup = 344E1D091A792DED0081E5E7;
			productRefGroup = 344E1D131A792DED0081E5E7 /* Products */;
			projectDirPath = "";
			projectReferences = (
				{
					ProductGroup = 344E1D491A792E160081E5E7 /* Products */;
					ProjectRef = 344E1D481A792E160081E5E7 /* CefWithIOSurface.xcodeproj */;
				},
			);
			projectRoot = "";
			targets = (
				344E1D111A792DED0081E5E7 /* CSBrowserCapturePlugin */,
			);
		};
/* End PBXProject section */

/* Begin PBXReferenceProxy section */
		344E1D4E1A792E170081E5E7 /* CefWithIOSurface.app */ = {
			isa = PBXReferenceProxy;
			fileType = wrapper.application;
			path = CefWithIOSurface.app;
			remoteRef = 344E1D4D1A792E170081E5E7 /* PBXContainerItemProxy */;
			sourceTree = BUILT_PRODUCTS_DIR;
		};
		344E1E411A7931090081E5E7 /* CefWithIOSurface Helper.app */ = {
			isa = PBXReferenceProxy;
			fileType = wrapper.application;
			path = "CefWithIOSurface Helper.app";
			remoteRef = 344E1E401A7931090081E5E7 /* PBXContainerItemProxy */;
			sourceTree = BUILT_PRODUCTS_DIR;
		};
/* End PBXReferenceProxy section */

/* Begin PBXResourcesBuildPhase section */
		344E1D101A792DED0081E5E7 /* Resources */ = {
			isa = PBXResourcesBuildPhase;
			buildActionMask = 2147483647;
			files = (
				344E1E651A7946400081E5E7 /* CSBrowserCaptureViewController.xib in Resources */,
			);
			runOnlyForDeploymentPostprocessing = 0;
		};
/* End PBXResourcesBuildPhase section */

/* Begin PBXSourcesBuildPhase section */
		344E1D0E1A792DED0081E5E7 /* Sources */ = {
			isa = PBXSourcesBuildPhase;
			buildActionMask = 2147483647;
			files = (
				344E1E4F1A79337F0081E5E7 /* CSBrowserTaskManager.m in Sources */,
				344E1E4C1A7932E40081E5E7 /* CSBrowserCapture.m in Sources */,
				344E1E641A7946400081E5E7 /* CSBrowserCaptureViewController.m in Sources */,
			);
			runOnlyForDeploymentPostprocessing = 0;
		};
/* End PBXSourcesBuildPhase section */

/* Begin PBXTargetDependency section */
		344E1E3E1A7931090081E5E7 /* PBXTargetDependency */ = {
			isa = PBXTargetDependency;
			name = CefWithIOSurface;
			targetProxy = 344E1E3D1A7931090081E5E7 /* PBXContainerItemProxy */;
		};
/* End PBXTargetDependency section */

/* Begin XCBuildConfiguration section */
		344E1D171A792DED0081E5E7 /* Debug */ = {
			isa = XCBuildConfiguration;
			buildSettings = {
				ALWAYS_SEARCH_USER_PATHS = NO;
				CLANG_CXX_LANGUAGE_STANDARD = "gnu++0x";
				CLANG_CXX_LIBRARY = "libc++";
				CLANG_ENABLE_MODULES = YES;
				CLANG_ENABLE_OBJC_ARC = YES;
				CLANG_WARN_BOOL_CONVERSION = YES;
				CLANG_WARN_CONSTANT_CONVERSION = YES;
				CLANG_WARN_DIRECT_OBJC_ISA_USAGE = YES_ERROR;
				CLANG_WARN_EMPTY_BODY = YES;
				CLANG_WARN_ENUM_CONVERSION = YES;
				CLANG_WARN_INT_CONVERSION = YES;
				CLANG_WARN_OBJC_ROOT_CLASS = YES_ERROR;
				CLANG_WARN_UNREACHABLE_CODE = YES;
				CLANG_WARN__DUPLICATE_METHOD_MATCH = YES;
				COPY_PHASE_STRIP = NO;
				ENABLE_STRICT_OBJC_MSGSEND = YES;
				GCC_C_LANGUAGE_STANDARD = gnu99;
				GCC_DYNAMIC_NO_PIC = NO;
				GCC_OPTIMIZATION_LEVEL = 0;
				GCC_PREPROCESSOR_DEFINITIONS = (
					"DEBUG=1",
					"$(inherited)",
				);
				GCC_SYMBOLS_PRIVATE_EXTERN = NO;
				GCC_WARN_64_TO_32_BIT_CONVERSION = YES;
				GCC_WARN_ABOUT_RETURN_TYPE = YES_ERROR;
				GCC_WARN_UNDECLARED_SELECTOR = YES;
				GCC_WARN_UNINITIALIZED_AUTOS = YES_AGGRESSIVE;
				GCC_WARN_UNUSED_FUNCTION = YES;
				GCC_WARN_UNUSED_VARIABLE = YES;
				MACOSX_DEPLOYMENT_TARGET = 10.10;
				MTL_ENABLE_DEBUG_INFO = YES;
				ONLY_ACTIVE_ARCH = YES;
				SDKROOT = macosx;
			};
			name = Debug;
		};
		344E1D181A792DED0081E5E7 /* Release */ = {
			isa = XCBuildConfiguration;
			buildSettings = {
				ALWAYS_SEARCH_USER_PATHS = NO;
				CLANG_CXX_LANGUAGE_STANDARD = "gnu++0x";
				CLANG_CXX_LIBRARY = "libc++";
				CLANG_ENABLE_MODULES = YES;
				CLANG_ENABLE_OBJC_ARC = YES;
				CLANG_WARN_BOOL_CONVERSION = YES;
				CLANG_WARN_CONSTANT_CONVERSION = YES;
				CLANG_WARN_DIRECT_OBJC_ISA_USAGE = YES_ERROR;
				CLANG_WARN_EMPTY_BODY = YES;
				CLANG_WARN_ENUM_CONVERSION = YES;
				CLANG_WARN_INT_CONVERSION = YES;
				CLANG_WARN_OBJC_ROOT_CLASS = YES_ERROR;
				CLANG_WARN_UNREACHABLE_CODE = YES;
				CLANG_WARN__DUPLICATE_METHOD_MATCH = YES;
				COPY_PHASE_STRIP = YES;
				DEBUG_INFORMATION_FORMAT = "dwarf-with-dsym";
				ENABLE_NS_ASSERTIONS = NO;
				ENABLE_STRICT_OBJC_MSGSEND = YES;
				GCC_C_LANGUAGE_STANDARD = gnu99;
				GCC_WARN_64_TO_32_BIT_CONVERSION = YES;
				GCC_WARN_ABOUT_RETURN_TYPE = YES_ERROR;
				GCC_WARN_UNDECLARED_SELECTOR = YES;
				GCC_WARN_UNINITIALIZED_AUTOS = YES_AGGRESSIVE;
				GCC_WARN_UNUSED_FUNCTION = YES;
				GCC_WARN_UNUSED_VARIABLE = YES;
				MACOSX_DEPLOYMENT_TARGET = 10.10;
				MTL_ENABLE_DEBUG_INFO = NO;
				SDKROOT = macosx;
			};
			name = Release;
		};
		344E1D1A1A792DED0081E5E7 /* Debug */ = {
			isa = XCBuildConfiguration;
			buildSettings = {
				COMBINE_HIDPI_IMAGES = YES;
				INFOPLIST_FILE = CSBrowserCapturePlugin/Info.plist;
				INSTALL_PATH = "$(LOCAL_LIBRARY_DIR)/Bundles";
				MACOSX_DEPLOYMENT_TARGET = 10.8;
				OTHER_LDFLAGS = (
					"-flat_namespace",
					"-undefined",
					suppress,
				);
				PRODUCT_NAME = "$(TARGET_NAME)";
				SDKROOT = macosx10.9;
				SKIP_INSTALL = NO;
				WRAPPER_EXTENSION = bundle;
			};
			name = Debug;
		};
		344E1D1B1A792DED0081E5E7 /* Release */ = {
			isa = XCBuildConfiguration;
			buildSettings = {
				COMBINE_HIDPI_IMAGES = YES;
				INFOPLIST_FILE = CSBrowserCapturePlugin/Info.plist;
				INSTALL_PATH = "$(LOCAL_LIBRARY_DIR)/Bundles";
				MACOSX_DEPLOYMENT_TARGET = 10.8;
				OTHER_LDFLAGS = (
					"-flat_namespace",
					"-undefined",
					suppress,
				);
				PRODUCT_NAME = "$(TARGET_NAME)";
				SDKROOT = macosx10.9;
				SKIP_INSTALL = NO;
				WRAPPER_EXTENSION = bundle;
			};
			name = Release;
		};
/* End XCBuildConfiguration section */

/* Begin XCConfigurationList section */
		344E1D0D1A792DED0081E5E7 /* Build configuration list for PBXProject "CSBrowserCapturePlugin" */ = {
			isa = XCConfigurationList;
			buildConfigurations = (
				344E1D171A792DED0081E5E7 /* Debug */,
				344E1D181A792DED0081E5E7 /* Release */,
			);
			defaultConfigurationIsVisible = 0;
			defaultConfigurationName = Release;
		};
		344E1D191A792DED0081E5E7 /* Build configuration list for PBXNativeTarget "CSBrowserCapturePlugin" */ = {
			isa = XCConfigurationList;
			buildConfigurations = (
				344E1D1A1A792DED0081E5E7 /* Debug */,
				344E1D1B1A792DED0081E5E7 /* Release */,
			);
			defaultConfigurationIsVisible = 0;
			defaultConfigurationName = Release;
		};
/* End XCConfigurationList section */
	};
	rootObject = 344E1D0A1A792DED0081E5E7 /* Project object */;
}
